PODS:
  - Alamofire (4.8.2)
  - SnapKit (5.0.0)

DEPENDENCIES:
  - Alamofire
  - SnapKit

SPEC REPOS:
  https://github.com/cocoapods/specs.git:
    - Alamofire
    - SnapKit

SPEC CHECKSUMS:
  Alamofire: ae5c501addb7afdbb13687d7f2f722c78734c2d3
  SnapKit: fd22d10eb9aff484d79a8724eab922c1ddf89bcf

PODFILE CHECKSUM: 946d5b92408294d7979f7595bef263cd9e4513e8

COCOAPODS: 1.6.1
